
Microsoft Visual Studio Solution File, Format Version 12.00
# Visual Studio 15
VisualStudioVersion = 15.0.28307.852
MinimumVisualStudioVersion = 10.0.40219.1
Project("{FAE04EC0-301F-11D3-BF4B-00C04F79EFBC}") = "PresentationLayer", "PodcastGrabbr\PresentationLayer.csproj", "{7DB80392-AF08-4C31-94A3-06381FC58804}"
EndProject
Project("{FAE04EC0-301F-11D3-BF4B-00C04F79EFBC}") = "CommonTypes", "CommonTypes\CommonTypes.csproj", "{D042B04C-579A-40C9-8870-C2DABC168DB1}"
EndProject
Project("{FAE04EC0-301F-11D3-BF4B-00C04F79EFBC}") = "RssFeedProcessor", "RssFeedProcessor\RssFeedProcessor.csproj", "{725C78C2-BB58-4908-B81E-D1C418E26B99}"
EndProject
Project("{FAE04EC0-301F-11D3-BF4B-00C04F79EFBC}") = "MockPresentationLayer", "MockPresentationLayer\MockPresentationLayer.csproj", "{8903B75E-54AB-4931-9034-7F6B14403A1C}"
EndProject
Project("{FAE04EC0-301F-11D3-BF4B-00C04F79EFBC}") = "BusinessLayer", "BusinessLayer\BusinessLayer.csproj", "{C7C218CF-677B-4A0E-9FA1-D623C97422C4}"
EndProject
Project("{FAE04EC0-301F-11D3-BF4B-00C04F79EFBC}") = "DataAccessLayer", "DataAccessLayer\DataAccessLayer.csproj", "{F95C2980-4B18-4605-B992-3E63E366C2C0}"
EndProject
Global
	GlobalSection(SolutionConfigurationPlatforms) = preSolution
		Debug|Any CPU = Debug|Any CPU
		Release|Any CPU = Release|Any CPU
	EndGlobalSection
	GlobalSection(ProjectConfigurationPlatforms) = postSolution
		{7DB80392-AF08-4C31-94A3-06381FC58804}.Debug|Any CPU.ActiveCfg = Debug|Any CPU
		{7DB80392-AF08-4C31-94A3-06381FC58804}.Debug|Any CPU.Build.0 = Debug|Any CPU
		{7DB80392-AF08-4C31-94A3-06381FC58804}.Release|Any CPU.ActiveCfg = Release|Any CPU
		{7DB80392-AF08-4C31-94A3-06381FC58804}.Release|Any CPU.Build.0 = Release|Any CPU
		{D042B04C-579A-40C9-8870-C2DABC168DB1}.Debug|Any CPU.ActiveCfg = Debug|Any CPU
		{D042B04C-579A-40C9-8870-C2DABC168DB1}.Debug|Any CPU.Build.0 = Debug|Any CPU
		{D042B04C-579A-40C9-8870-C2DABC168DB1}.Release|Any CPU.ActiveCfg = Release|Any CPU
		{D042B04C-579A-40C9-8870-C2DABC168DB1}.Release|Any CPU.Build.0 = Release|Any CPU
		{725C78C2-BB58-4908-B81E-D1C418E26B99}.Debug|Any CPU.ActiveCfg = Debug|Any CPU
		{725C78C2-BB58-4908-B81E-D1C418E26B99}.Debug|Any CPU.Build.0 = Debug|Any CPU
		{725C78C2-BB58-4908-B81E-D1C418E26B99}.Release|Any CPU.ActiveCfg = Release|Any CPU
		{725C78C2-BB58-4908-B81E-D1C418E26B99}.Release|Any CPU.Build.0 = Release|Any CPU
		{8903B75E-54AB-4931-9034-7F6B14403A1C}.Debug|Any CPU.ActiveCfg = Debug|Any CPU
		{8903B75E-54AB-4931-9034-7F6B14403A1C}.Debug|Any CPU.Build.0 = Debug|Any CPU
		{8903B75E-54AB-4931-9034-7F6B14403A1C}.Release|Any CPU.ActiveCfg = Release|Any CPU
		{8903B75E-54AB-4931-9034-7F6B14403A1C}.Release|Any CPU.Build.0 = Release|Any CPU
		{C7C218CF-677B-4A0E-9FA1-D623C97422C4}.Debug|Any CPU.ActiveCfg = Debug|Any CPU
		{C7C218CF-677B-4A0E-9FA1-D623C97422C4}.Debug|Any CPU.Build.0 = Debug|Any CPU
		{C7C218CF-677B-4A0E-9FA1-D623C97422C4}.Release|Any CPU.ActiveCfg = Release|Any CPU
		{C7C218CF-677B-4A0E-9FA1-D623C97422C4}.Release|Any CPU.Build.0 = Release|Any CPU
		{F95C2980-4B18-4605-B992-3E63E366C2C0}.Debug|Any CPU.ActiveCfg = Debug|Any CPU
		{F95C2980-4B18-4605-B992-3E63E366C2C0}.Debug|Any CPU.Build.0 = Debug|Any CPU
		{F95C2980-4B18-4605-B992-3E63E366C2C0}.Release|Any CPU.ActiveCfg = Release|Any CPU
		{F95C2980-4B18-4605-B992-3E63E366C2C0}.Release|Any CPU.Build.0 = Release|Any CPU
	EndGlobalSection
	GlobalSection(SolutionProperties) = preSolution
		HideSolutionNode = FALSE
	EndGlobalSection
	GlobalSection(ExtensibilityGlobals) = postSolution
		SolutionGuid = {4B73E06A-B123-48F6-B2FF-FB5BD9DAD964}
	EndGlobalSection
EndGlobal
